<Solution>
  <Folder Name="/src/">
    <Project Path="src/SvnFlux.Subversion.Native.win-x64/SvnFlux.Subversion.Native.win-x64.csproj" />
    <Project Path="src/SvnFlux.Subversion.Native.win-arm64/SvnFlux.Subversion.Native.win-arm64.csproj" />
  </Folder>
  <Folder Name="/tools/">
    <Project Path="build/SvnFlux.Subversion.Native.Build/SvnFlux.Subversion.Native.Build.csproj" />
  </Folder>
</Solution>

